// !$*UTF8*$!
{
	archiveVersion = 1;
	classes = {
	};
	objectVersion = 46;
	objects = {

/* Begin PBXBuildFile section */
		42BAF2571D86286E00E8B8B2 /* main.m in Sources */ = {isa = PBXBuildFile; fileRef = 42BAF2561D86286D00E8B8B2 /* main.m */; };
		42BAF25A1D86286E00E8B8B2 /* AppDelegate.m in Sources */ = {isa = PBXBuildFile; fileRef = 42BAF2591D86286E00E8B8B2 /* AppDelegate.m */; };
		42BAF25D1D86286E00E8B8B2 /* CPSearchViewController.m in Sources */ = {isa = PBXBuildFile; fileRef = 42BAF25C1D86286E00E8B8B2 /* CPSearchViewController.m */; };
		42BAF2601D86286E00E8B8B2 /* Main.storyboard in Resources */ = {isa = PBXBuildFile; fileRef = 42BAF25E1D86286E00E8B8B2 /* Main.storyboard */; };
		42BAF2621D86286E00E8B8B2 /* Assets.xcassets in Resources */ = {isa = PBXBuildFile; fileRef = 42BAF2611D86286E00E8B8B2 /* Assets.xcassets */; };
		42BAF2651D86286E00E8B8B2 /* LaunchScreen.storyboard in Resources */ = {isa = PBXBuildFile; fileRef = 42BAF2631D86286E00E8B8B2 /* LaunchScreen.storyboard */; };
		42BAF26E1D86343800E8B8B2 /* CPCourse.m in Sources */ = {isa = PBXBuildFile; fileRef = 42BAF26D1D86343800E8B8B2 /* CPCourse.m */; };
		42BAF2711D86355600E8B8B2 /* CPSearchTableViewCell.m in Sources */ = {isa = PBXBuildFile; fileRef = 42BAF2701D86355600E8B8B2 /* CPSearchTableViewCell.m */; };
		42BAF2741D86850D00E8B8B2 /* CPCourseDetailViewController.m in Sources */ = {isa = PBXBuildFile; fileRef = 42BAF2731D86850D00E8B8B2 /* CPCourseDetailViewController.m */; };
		8878EE427BF9BA1913120462 /* libPods-Coursera Project.a in Frameworks */ = {isa = PBXBuildFile; fileRef = 8A76E089C71F9DBA7E20DEF0 /* libPods-Coursera Project.a */; };
/* End PBXBuildFile section */

/* Begin PBXFileReference section */
		296A6B132848E97945ED35DC /* Pods-Coursera Project.debug.xcconfig */ = {isa = PBXFileReference; includeInIndex = 1; lastKnownFileType = text.xcconfig; name = "Pods-Coursera Project.debug.xcconfig"; path = "Pods/Target Support Files/Pods-Coursera Project/Pods-Coursera Project.debug.xcconfig"; sourceTree = "<group>"; };
		42BAF2521D86286D00E8B8B2 /* Coursera Project.app */ = {isa = PBXFileReference; explicitFileType = wrapper.application; includeInIndex = 0; path = "Coursera Project.app"; sourceTree = BUILT_PRODUCTS_DIR; };
		42BAF2561D86286D00E8B8B2 /* main.m */ = {isa = PBXFileReference; lastKnownFileType = sourcecode.c.objc; path = main.m; sourceTree = "<group>"; };
		42BAF2581D86286E00E8B8B2 /* AppDelegate.h */ = {isa = PBXFileReference; lastKnownFileType = sourcecode.c.h; path = AppDelegate.h; sourceTree = "<group>"; };
		42BAF2591D86286E00E8B8B2 /* AppDelegate.m */ = {isa = PBXFileReference; lastKnownFileType = sourcecode.c.objc; path = AppDelegate.m; sourceTree = "<group>"; };
		42BAF25B1D86286E00E8B8B2 /* CPSearchViewController.h */ = {isa = PBXFileReference; lastKnownFileType = sourcecode.c.h; path = CPSearchViewController.h; sourceTree = "<group>"; };
		42BAF25C1D86286E00E8B8B2 /* CPSearchViewController.m */ = {isa = PBXFileReference; lastKnownFileType = sourcecode.c.objc; path = CPSearchViewController.m; sourceTree = "<group>"; };
		42BAF25F1D86286E00E8B8B2 /* Base */ = {isa = PBXFileReference; lastKnownFileType = file.storyboard; name = Base; path = Base.lproj/Main.storyboard; sourceTree = "<group>"; };
		42BAF2611D86286E00E8B8B2 /* Assets.xcassets */ = {isa = PBXFileReference; lastKnownFileType = folder.assetcatalog; path = Assets.xcassets; sourceTree = "<group>"; };
		42BAF2641D86286E00E8B8B2 /* Base */ = {isa = PBXFileReference; lastKnownFileType = file.storyboard; name = Base; path = Base.lproj/LaunchScreen.storyboard; sourceTree = "<group>"; };
		42BAF2661D86286E00E8B8B2 /* Info.plist */ = {isa = PBXFileReference; lastKnownFileType = text.plist.xml; path = Info.plist; sourceTree = "<group>"; };
		42BAF26C1D86343800E8B8B2 /* CPCourse.h */ = {isa = PBXFileReference; fileEncoding = 4; lastKnownFileType = sourcecode.c.h; path = CPCourse.h; sourceTree = "<group>"; };
		42BAF26D1D86343800E8B8B2 /* CPCourse.m */ = {isa = PBXFileReference; fileEncoding = 4; lastKnownFileType = sourcecode.c.objc; path = CPCourse.m; sourceTree = "<group>"; };
		42BAF26F1D86355600E8B8B2 /* CPSearchTableViewCell.h */ = {isa = PBXFileReference; fileEncoding = 4; lastKnownFileType = sourcecode.c.h; path = CPSearchTableViewCell.h; sourceTree = "<group>"; };
		42BAF2701D86355600E8B8B2 /* CPSearchTableViewCell.m */ = {isa = PBXFileReference; fileEncoding = 4; lastKnownFileType = sourcecode.c.objc; path = CPSearchTableViewCell.m; sourceTree = "<group>"; };
		42BAF2721D86850D00E8B8B2 /* CPCourseDetailViewController.h */ = {isa = PBXFileReference; fileEncoding = 4; lastKnownFileType = sourcecode.c.h; path = CPCourseDetailViewController.h; sourceTree = "<group>"; };
		42BAF2731D86850D00E8B8B2 /* CPCourseDetailViewController.m */ = {isa = PBXFileReference; fileEncoding = 4; lastKnownFileType = sourcecode.c.objc; path = CPCourseDetailViewController.m; sourceTree = "<group>"; };
		8A76E089C71F9DBA7E20DEF0 /* libPods-Coursera Project.a */ = {isa = PBXFileReference; explicitFileType = archive.ar; includeInIndex = 0; path = "libPods-Coursera Project.a"; sourceTree = BUILT_PRODUCTS_DIR; };
		E4C19CE2F7BA8CDD6B1FC0F2 /* Pods-Coursera Project.release.xcconfig */ = {isa = PBXFileReference; includeInIndex = 1; lastKnownFileType = text.xcconfig; name = "Pods-Coursera Project.release.xcconfig"; path = "Pods/Target Support Files/Pods-Coursera Project/Pods-Coursera Project.release.xcconfig"; sourceTree = "<group>"; };
/* End PBXFileReference section */

/* Begin PBXFrameworksBuildPhase section */
		42BAF24F1D86286D00E8B8B2 /* Frameworks */ = {
			isa = PBXFrameworksBuildPhase;
			buildActionMask = 2147483647;
			files = (
				8878EE427BF9BA1913120462 /* libPods-Coursera Project.a in Frameworks */,
			);
			runOnlyForDeploymentPostprocessing = 0;
		};
/* End PBXFrameworksBuildPhase section */

/* Begin PBXGroup section */
		15E4F51C57E69966970BF47D /* Pods */ = {
			isa = PBXGroup;
			children = (
				296A6B132848E97945ED35DC /* Pods-Coursera Project.debug.xcconfig */,
				E4C19CE2F7BA8CDD6B1FC0F2 /* Pods-Coursera Project.release.xcconfig */,
			);
			name = Pods;
			sourceTree = "<group>";
		};
		42BAF2491D86286D00E8B8B2 = {
			isa = PBXGroup;
			children = (
				42BAF2541D86286D00E8B8B2 /* Coursera Project */,
				42BAF2531D86286D00E8B8B2 /* Products */,
				15E4F51C57E69966970BF47D /* Pods */,
				9A40F5330B4CA1D6CAA5E26B /* Frameworks */,
			);
			sourceTree = "<group>";
		};
		42BAF2531D86286D00E8B8B2 /* Products */ = {
			isa = PBXGroup;
			children = (
				42BAF2521D86286D00E8B8B2 /* Coursera Project.app */,
			);
			name = Products;
			sourceTree = "<group>";
		};
		42BAF2541D86286D00E8B8B2 /* Coursera Project */ = {
			isa = PBXGroup;
			children = (
				42BAF2581D86286E00E8B8B2 /* AppDelegate.h */,
				42BAF2591D86286E00E8B8B2 /* AppDelegate.m */,
				42BAF26C1D86343800E8B8B2 /* CPCourse.h */,
				42BAF26D1D86343800E8B8B2 /* CPCourse.m */,
				42BAF26F1D86355600E8B8B2 /* CPSearchTableViewCell.h */,
				42BAF2701D86355600E8B8B2 /* CPSearchTableViewCell.m */,
				42BAF25B1D86286E00E8B8B2 /* CPSearchViewController.h */,
				42BAF25C1D86286E00E8B8B2 /* CPSearchViewController.m */,
				42BAF2721D86850D00E8B8B2 /* CPCourseDetailViewController.h */,
				42BAF2731D86850D00E8B8B2 /* CPCourseDetailViewController.m */,
				42BAF25E1D86286E00E8B8B2 /* Main.storyboard */,
				42BAF2611D86286E00E8B8B2 /* Assets.xcassets */,
				42BAF2631D86286E00E8B8B2 /* LaunchScreen.storyboard */,
				42BAF2661D86286E00E8B8B2 /* Info.plist */,
				42BAF2551D86286D00E8B8B2 /* Supporting Files */,
			);
			path = "Coursera Project";
			sourceTree = "<group>";
		};
		42BAF2551D86286D00E8B8B2 /* Supporting Files */ = {
			isa = PBXGroup;
			children = (
				42BAF2561D86286D00E8B8B2 /* main.m */,
			);
			name = "Supporting Files";
			sourceTree = "<group>";
		};
		9A40F5330B4CA1D6CAA5E26B /* Frameworks */ = {
			isa = PBXGroup;
			children = (
				8A76E089C71F9DBA7E20DEF0 /* libPods-Coursera Project.a */,
			);
			name = Frameworks;
			sourceTree = "<group>";
		};
/* End PBXGroup section */

/* Begin PBXNativeTarget section */
		42BAF2511D86286D00E8B8B2 /* Coursera Project */ = {
			isa = PBXNativeTarget;
			buildConfigurationList = 42BAF2691D86286E00E8B8B2 /* Build configuration list for PBXNativeTarget "Coursera Project" */;
			buildPhases = (
				304E222B9137A49EC5CF4FC6 /* [CP] Check Pods Manifest.lock */,
				42BAF24E1D86286D00E8B8B2 /* Sources */,
				42BAF24F1D86286D00E8B8B2 /* Frameworks */,
				42BAF2501D86286D00E8B8B2 /* Resources */,
				072205E6DA7C3A4010E1430F /* [CP] Embed Pods Frameworks */,
				6901B2D6685106D56E392680 /* [CP] Copy Pods Resources */,
			);
			buildRules = (
			);
			dependencies = (
			);
			name = "Coursera Project";
			productName = "Coursera Project";
			productReference = 42BAF2521D86286D00E8B8B2 /* Coursera Project.app */;
			productType = "com.apple.product-type.application";
		};
/* End PBXNativeTarget section */

/* Begin PBXProject section */
		42BAF24A1D86286D00E8B8B2 /* Project object */ = {
			isa = PBXProject;
			attributes = {
				LastUpgradeCheck = 0730;
				ORGANIZATIONNAME = "Siddharth Sharma";
				TargetAttributes = {
					42BAF2511D86286D00E8B8B2 = {
						CreatedOnToolsVersion = 7.3.1;
					};
				};
			};
			buildConfigurationList = 42BAF24D1D86286D00E8B8B2 /* Build configuration list for PBXProject "Coursera Project" */;
			compatibilityVersion = "Xcode 3.2";
			developmentRegion = English;
			hasScannedForEncodings = 0;
			knownRegions = (
				en,
				Base,
			);
			mainGroup = 42BAF2491D86286D00E8B8B2;
			productRefGroup = 42BAF2531D86286D00E8B8B2 /* Products */;
			projectDirPath = "";
			projectRoot = "";
			targets = (
				42BAF2511D86286D00E8B8B2 /* Coursera Project */,
			);
		};
/* End PBXProject section */

/* Begin PBXResourcesBuildPhase section */
		42BAF2501D86286D00E8B8B2 /* Resources */ = {
			isa = PBXResourcesBuildPhase;
			buildActionMask = 2147483647;
			files = (
				42BAF2651D86286E00E8B8B2 /* LaunchScreen.storyboard in Resources */,
				42BAF2621D86286E00E8B8B2 /* Assets.xcassets in Resources */,
				42BAF2601D86286E00E8B8B2 /* Main.storyboard in Resources */,
			);
			runOnlyForDeploymentPostprocessing = 0;
		};
/* End PBXResourcesBuildPhase section */

/* Begin PBXShellScriptBuildPhase section */
		072205E6DA7C3A4010E1430F /* [CP] Embed Pods Frameworks */ = {
			isa = PBXShellScriptBuildPhase;
			buildActionMask = 2147483647;
			files = (
			);
			inputPaths = (
			);
			name = "[CP] Embed Pods Frameworks";
			outputPaths = (
			);
			runOnlyForDeploymentPostprocessing = 0;
			shellPath = /bin/sh;
			shellScript = "\"${SRCROOT}/Pods/Target Support Files/Pods-Coursera Project/Pods-Coursera Project-frameworks.sh\"\n";
			showEnvVarsInLog = 0;
		};
		304E222B9137A49EC5CF4FC6 /* [CP] Check Pods Manifest.lock */ = {
			isa = PBXShellScriptBuildPhase;
			buildActionMask = 2147483647;
			files = (
			);
			inputPaths = (
			);
			name = "[CP] Check Pods Manifest.lock";
			outputPaths = (
			);
			runOnlyForDeploymentPostprocessing = 0;
			shellPath = /bin/sh;
			shellScript = "diff \"${PODS_ROOT}/../Podfile.lock\" \"${PODS_ROOT}/Manifest.lock\" > /dev/null\nif [[ $? != 0 ]] ; then\n    cat << EOM\nerror: The sandbox is not in sync with the Podfile.lock. Run 'pod install' or update your CocoaPods installation.\nEOM\n    exit 1\nfi\n";
			showEnvVarsInLog = 0;
		};
		6901B2D6685106D56E392680 /* [CP] Copy Pods Resources */ = {
			isa = PBXShellScriptBuildPhase;
			buildActionMask = 2147483647;
			files = (
			);
			inputPaths = (
			);
			name = "[CP] Copy Pods Resources";
			outputPaths = (
			);
			runOnlyForDeploymentPostprocessing = 0;
			shellPath = /bin/sh;
			shellScript = "\"${SRCROOT}/Pods/Target Support Files/Pods-Coursera Project/Pods-Coursera Project-resources.sh\"\n";
			showEnvVarsInLog = 0;
		};
/* End PBXShellScriptBuildPhase section */

/* Begin PBXSourcesBuildPhase section */
		42BAF24E1D86286D00E8B8B2 /* Sources */ = {
			isa = PBXSourcesBuildPhase;
			buildActionMask = 2147483647;
			files = (
				42BAF25D1D86286E00E8B8B2 /* CPSearchViewController.m in Sources */,
				42BAF2711D86355600E8B8B2 /* CPSearchTableViewCell.m in Sources */,
				42BAF26E1D86343800E8B8B2 /* CPCourse.m in Sources */,
				42BAF2741D86850D00E8B8B2 /* CPCourseDetailViewController.m in Sources */,
				42BAF25A1D86286E00E8B8B2 /* AppDelegate.m in Sources */,
				42BAF2571D86286E00E8B8B2 /* main.m in Sources */,
			);
			runOnlyForDeploymentPostprocessing = 0;
		};
/* End PBXSourcesBuildPhase section */

/* Begin PBXVariantGroup section */
		42BAF25E1D86286E00E8B8B2 /* Main.storyboard */ = {
			isa = PBXVariantGroup;
			children = (
				42BAF25F1D86286E00E8B8B2 /* Base */,
			);
			name = Main.storyboard;
			sourceTree = "<group>";
		};
		42BAF2631D86286E00E8B8B2 /* LaunchScreen.storyboard */ = {
			isa = PBXVariantGroup;
			children = (
				42BAF2641D86286E00E8B8B2 /* Base */,
			);
			name = LaunchScreen.storyboard;
			sourceTree = "<group>";
		};
/* End PBXVariantGroup section */

/* Begin XCBuildConfiguration section */
		42BAF2671D86286E00E8B8B2 /* Debug */ = {
			isa = XCBuildConfiguration;
			buildSettings = {
				ALWAYS_SEARCH_USER_PATHS = NO;
				CLANG_ANALYZER_NONNULL = YES;
				CLANG_CXX_LANGUAGE_STANDARD = "gnu++0x";
				CLANG_CXX_LIBRARY = "libc++";
				CLANG_ENABLE_MODULES = YES;
				CLANG_ENABLE_OBJC_ARC = YES;
				CLANG_WARN_BOOL_CONVERSION = YES;
				CLANG_WARN_CONSTANT_CONVERSION = YES;
				CLANG_WARN_DIRECT_OBJC_ISA_USAGE = YES_ERROR;
				CLANG_WARN_EMPTY_BODY = YES;
				CLANG_WARN_ENUM_CONVERSION = YES;
				CLANG_WARN_INT_CONVERSION = YES;
				CLANG_WARN_OBJC_ROOT_CLASS = YES_ERROR;
				CLANG_WARN_UNREACHABLE_CODE = YES;
				CLANG_WARN__DUPLICATE_METHOD_MATCH = YES;
				"CODE_SIGN_IDENTITY[sdk=iphoneos*]" = "iPhone Developer";
				COPY_PHASE_STRIP = NO;
				DEBUG_INFORMATION_FORMAT = dwarf;
				ENABLE_STRICT_OBJC_MSGSEND = YES;
				ENABLE_TESTABILITY = YES;
				GCC_C_LANGUAGE_STANDARD = gnu99;
				GCC_DYNAMIC_NO_PIC = NO;
				GCC_NO_COMMON_BLOCKS = YES;
				GCC_OPTIMIZATION_LEVEL = 0;
				GCC_PREPROCESSOR_DEFINITIONS = (
					"DEBUG=1",
					"$(inherited)",
				);
				GCC_WARN_64_TO_32_BIT_CONVERSION = YES;
				GCC_WARN_ABOUT_RETURN_TYPE = YES_ERROR;
				GCC_WARN_UNDECLARED_SELECTOR = YES;
				GCC_WARN_UNINITIALIZED_AUTOS = YES_AGGRESSIVE;
				GCC_WARN_UNUSED_FUNCTION = YES;
				GCC_WARN_UNUSED_VARIABLE = YES;
				IPHONEOS_DEPLOYMENT_TARGET = 9.3;
				MTL_ENABLE_DEBUG_INFO = YES;
				ONLY_ACTIVE_ARCH = YES;
				SDKROOT = iphoneos;
				TARGETED_DEVICE_FAMILY = "1,2";
			};
			name = Debug;
		};
		42BAF2681D86286E00E8B8B2 /* Release */ = {
			isa = XCBuildConfiguration;
			buildSettings = {
				ALWAYS_SEARCH_USER_PATHS = NO;
				CLANG_ANALYZER_NONNULL = YES;
				CLANG_CXX_LANGUAGE_STANDARD = "gnu++0x";
				CLANG_CXX_LIBRARY = "libc++";
				CLANG_ENABLE_MODULES = YES;
				CLANG_ENABLE_OBJC_ARC = YES;
				CLANG_WARN_BOOL_CONVERSION = YES;
				CLANG_WARN_CONSTANT_CONVERSION = YES;
				CLANG_WARN_DIRECT_OBJC_ISA_USAGE = YES_ERROR;
				CLANG_WARN_EMPTY_BODY = YES;
				CLANG_WARN_ENUM_CONVERSION = YES;
				CLANG_WARN_INT_CONVERSION = YES;
				CLANG_WARN_OBJC_ROOT_CLASS = YES_ERROR;
				CLANG_WARN_UNREACHABLE_CODE = YES;
				CLANG_WARN__DUPLICATE_METHOD_MATCH = YES;
				"CODE_SIGN_IDENTITY[sdk=iphoneos*]" = "iPhone Developer";
				COPY_PHASE_STRIP = NO;
				DEBUG_INFORMATION_FORMAT = "dwarf-with-dsym";
				ENABLE_NS_ASSERTIONS = NO;
				ENABLE_STRICT_OBJC_MSGSEND = YES;
				GCC_C_LANGUAGE_STANDARD = gnu99;
				GCC_NO_COMMON_BLOCKS = YES;
				GCC_WARN_64_TO_32_BIT_CONVERSION = YES;
				GCC_WARN_ABOUT_RETURN_TYPE = YES_ERROR;
				GCC_WARN_UNDECLARED_SELECTOR = YES;
				GCC_WARN_UNINITIALIZED_AUTOS = YES_AGGRESSIVE;
				GCC_WARN_UNUSED_FUNCTION = YES;
				GCC_WARN_UNUSED_VARIABLE = YES;
				IPHONEOS_DEPLOYMENT_TARGET = 9.3;
				MTL_ENABLE_DEBUG_INFO = NO;
				SDKROOT = iphoneos;
				TARGETED_DEVICE_FAMILY = "1,2";
				VALIDATE_PRODUCT = YES;
			};
			name = Release;
		};
		42BAF26A1D86286E00E8B8B2 /* Debug */ = {
			isa = XCBuildConfiguration;
			baseConfigurationReference = 296A6B132848E97945ED35DC /* Pods-Coursera Project.debug.xcconfig */;
			buildSettings = {
				ASSETCATALOG_COMPILER_APPICON_NAME = AppIcon;
				INFOPLIST_FILE = "Coursera Project/Info.plist";
				LD_RUNPATH_SEARCH_PATHS = "$(inherited) @executable_path/Frameworks";
				PRODUCT_BUNDLE_IDENTIFIER = "com.sidsharma.Coursera-Project";
				PRODUCT_NAME = "$(TARGET_NAME)";
			};
			name = Debug;
		};
		42BAF26B1D86286E00E8B8B2 /* Release */ = {
			isa = XCBuildConfiguration;
			baseConfigurationReference = E4C19CE2F7BA8CDD6B1FC0F2 /* Pods-Coursera Project.release.xcconfig */;
			buildSettings = {
				ASSETCATALOG_COMPILER_APPICON_NAME = AppIcon;
				INFOPLIST_FILE = "Coursera Project/Info.plist";
				LD_RUNPATH_SEARCH_PATHS = "$(inherited) @executable_path/Frameworks";
				PRODUCT_BUNDLE_IDENTIFIER = "com.sidsharma.Coursera-Project";
				PRODUCT_NAME = "$(TARGET_NAME)";
			};
			name = Release;
		};
/* End XCBuildConfiguration section */

/* Begin XCConfigurationList section */
		42BAF24D1D86286D00E8B8B2 /* Build configuration list for PBXProject "Coursera Project" */ = {
			isa = XCConfigurationList;
			buildConfigurations = (
				42BAF2671D86286E00E8B8B2 /* Debug */,
				42BAF2681D86286E00E8B8B2 /* Release */,
			);
			defaultConfigurationIsVisible = 0;
			defaultConfigurationName = Release;
		};
		42BAF2691D86286E00E8B8B2 /* Build configuration list for PBXNativeTarget "Coursera Project" */ = {
			isa = XCConfigurationList;
			buildConfigurations = (
				42BAF26A1D86286E00E8B8B2 /* Debug */,
				42BAF26B1D86286E00E8B8B2 /* Release */,
			);
			defaultConfigurationIsVisible = 0;
			defaultConfigurationName = Release;
		};
/* End XCConfigurationList section */
	};
	rootObject = 42BAF24A1D86286D00E8B8B2 /* Project object */;
}
